# This file is automatically @generated by Poetry 2.3.2 and should not be changed by hand.

[[package]]
name = "pydot"
version = "4.0.1"
description = "Python interface to Graphviz's Dot"
optional = false
python-versions = ">=3.8"
groups = ["main"]
files = [
    {file = "pydot-4.0.1-py3-none-any.whl", hash = "sha256:869c0efadd2708c0be1f916eb669f3d664ca684bc57ffb7ecc08e70d5e93fee6"},
    {file = "pydot-4.0.1.tar.gz", hash = "sha256:c2148f681c4a33e08bf0e26a9e5f8e4099a82e0e2a068098f32ce86577364ad5"},
]

[package.dependencies]
pyparsing = ">=3.1.0"

[package.extras]
dev = ["chardet", "parameterized", "pydot[lint]", "pydot[types]"]
lint = ["ruff"]
release = ["zest.releaser[recommended]"]
tests = ["pydot[dev]", "pytest", "pytest-cov", "pytest-xdist[psutil]", "tox"]
types = ["mypy"]

[[package]]
name = "pyparsing"
version = "3.3.2"
description = "pyparsing - Classes and methods to define and execute parsing grammars"
optional = false
python-versions = ">=3.9"
groups = ["main"]
files = [
    {file = "pyparsing-3.3.2-py3-none-any.whl", hash = "sha256:850ba148bd908d7e2411587e247a1e4f0327839c40e2e5e6d05a007ecc69911d"},
    {file = "pyparsing-3.3.2.tar.gz", hash = "sha256:c777f4d763f140633dcb6d8a3eda953bf7a214dc4eff598413c070bcdc117cbc"},
]

[package.extras]
diagrams = ["jinja2", "railroad-diagrams"]

[metadata]
lock-version = "2.1"
python-versions = "^3.10"
content-hash = "cfee581a4b43952e33995c3c47e3bdfbf099a01c8c8127eb2142c511dc8586c3"
